
Microsoft Visual Studio Solution File, Format Version 12.00
# Visual Studio Version 17
VisualStudioVersion = 17.5.33414.496
MinimumVisualStudioVersion = 10.0.40219.1
Project("{2150E333-8FDC-42A3-9474-1A3956D46DE8}") = "src", "src", "{91CF7922-6608-4782-BB65-AA9BA1ECBFDD}"
EndProject
Project("{2150E333-8FDC-42A3-9474-1A3956D46DE8}") = "services", "services", "{6EB5F558-7678-42A3-8B09-AD0A8CDEB7C9}"
EndProject
Project("{2150E333-8FDC-42A3-9474-1A3956D46DE8}") = "identity", "identity", "{354B47EB-B871-449B-A5FA-A7A469D98427}"
EndProject
Project("{9A19103F-16F7-4668-BE54-9A1E7A4F7556}") = "VideoStore.IdentityService", "services\identity\VideoStore.IdentityService\VideoStore.IdentityService.csproj", "{B8C42D11-371D-448D-B1DE-F96CF40BCE8A}"
EndProject
Project("{2150E333-8FDC-42A3-9474-1A3956D46DE8}") = "shared", "shared", "{26CEB0F9-8877-43E5-9A14-ECFD833831D5}"
EndProject
Project("{9A19103F-16F7-4668-BE54-9A1E7A4F7556}") = "VideoStore.Shared", "shared\VideoStore.Shared\VideoStore.Shared.csproj", "{0766B5FF-5CD5-410F-BA51-7A461E67373F}"
EndProject
Project("{2150E333-8FDC-42A3-9474-1A3956D46DE8}") = "movies", "movies", "{5ACBF70A-6400-49F9-BB80-D6022A703820}"
EndProject
Project("{9A19103F-16F7-4668-BE54-9A1E7A4F7556}") = "VideoStore.Movies", "services\movies\VideoStore.Movies\VideoStore.Movies.csproj", "{76EE1FC9-1C2B-4ED6-9424-587537813FE7}"
EndProject
Project("{9A19103F-16F7-4668-BE54-9A1E7A4F7556}") = "VideoStore.Bus", "shared\VideoStore.Bus\VideoStore.Bus.csproj", "{30C40994-AA11-4EAA-B074-9296C7EF83BF}"
EndProject
Project("{2150E333-8FDC-42A3-9474-1A3956D46DE8}") = "services", "services", "{5157C409-B9B1-43F9-ABD6-839770BB1EF7}"
EndProject
Project("{9A19103F-16F7-4668-BE54-9A1E7A4F7556}") = "VideoStore.Ordering", "services\ordering\VideoStore.Ordering\VideoStore.Ordering.csproj", "{794242F4-E7AD-4A29-BCBC-D1A5276EBB31}"
EndProject
Project("{2150E333-8FDC-42A3-9474-1A3956D46DE8}") = "templates", "templates", "{57940DF3-D8ED-4330-A816-FB831891167B}"
EndProject
Project("{151D2E53-A2C4-4D7D-83FE-D05416EBD58E}") = "VideoStore.Templates", "templates\VideoStore.Templates\VideoStore.Templates.deployproj", "{EDC1E41E-7F4B-4FDE-8DBC-CAECE16DC391}"
EndProject
Project("{2150E333-8FDC-42A3-9474-1A3956D46DE8}") = "functions", "functions", "{7CA0C5E4-9F1B-48E4-BCA2-3ED99099885B}"
EndProject
Project("{9A19103F-16F7-4668-BE54-9A1E7A4F7556}") = "VideoStore.OrderingFunction", "functions\VideoStore.OrderingFunction\VideoStore.OrderingFunction.csproj", "{5C9B8675-F58A-4275-BA2E-FCE912A377C0}"
EndProject
Project("{E53339B2-1760-4266-BCC7-CA923CBCF16C}") = "docker-compose", "docker-compose.dcproj", "{087A1850-D22B-49B7-A329-6BBDECCE9C50}"
EndProject
Global
	GlobalSection(SolutionConfigurationPlatforms) = preSolution
		Debug|Any CPU = Debug|Any CPU
		Release|Any CPU = Release|Any CPU
	EndGlobalSection
	GlobalSection(ProjectConfigurationPlatforms) = postSolution
		{B8C42D11-371D-448D-B1DE-F96CF40BCE8A}.Debug|Any CPU.ActiveCfg = Debug|Any CPU
		{B8C42D11-371D-448D-B1DE-F96CF40BCE8A}.Debug|Any CPU.Build.0 = Debug|Any CPU
		{B8C42D11-371D-448D-B1DE-F96CF40BCE8A}.Release|Any CPU.ActiveCfg = Release|Any CPU
		{B8C42D11-371D-448D-B1DE-F96CF40BCE8A}.Release|Any CPU.Build.0 = Release|Any CPU
		{0766B5FF-5CD5-410F-BA51-7A461E67373F}.Debug|Any CPU.ActiveCfg = Debug|Any CPU
		{0766B5FF-5CD5-410F-BA51-7A461E67373F}.Debug|Any CPU.Build.0 = Debug|Any CPU
		{0766B5FF-5CD5-410F-BA51-7A461E67373F}.Release|Any CPU.ActiveCfg = Release|Any CPU
		{0766B5FF-5CD5-410F-BA51-7A461E67373F}.Release|Any CPU.Build.0 = Release|Any CPU
		{76EE1FC9-1C2B-4ED6-9424-587537813FE7}.Debug|Any CPU.ActiveCfg = Debug|Any CPU
		{76EE1FC9-1C2B-4ED6-9424-587537813FE7}.Debug|Any CPU.Build.0 = Debug|Any CPU
		{76EE1FC9-1C2B-4ED6-9424-587537813FE7}.Release|Any CPU.ActiveCfg = Release|Any CPU
		{76EE1FC9-1C2B-4ED6-9424-587537813FE7}.Release|Any CPU.Build.0 = Release|Any CPU
		{30C40994-AA11-4EAA-B074-9296C7EF83BF}.Debug|Any CPU.ActiveCfg = Debug|Any CPU
		{30C40994-AA11-4EAA-B074-9296C7EF83BF}.Debug|Any CPU.Build.0 = Debug|Any CPU
		{30C40994-AA11-4EAA-B074-9296C7EF83BF}.Release|Any CPU.ActiveCfg = Release|Any CPU
		{30C40994-AA11-4EAA-B074-9296C7EF83BF}.Release|Any CPU.Build.0 = Release|Any CPU
		{794242F4-E7AD-4A29-BCBC-D1A5276EBB31}.Debug|Any CPU.ActiveCfg = Debug|Any CPU
		{794242F4-E7AD-4A29-BCBC-D1A5276EBB31}.Debug|Any CPU.Build.0 = Debug|Any CPU
		{794242F4-E7AD-4A29-BCBC-D1A5276EBB31}.Release|Any CPU.ActiveCfg = Release|Any CPU
		{794242F4-E7AD-4A29-BCBC-D1A5276EBB31}.Release|Any CPU.Build.0 = Release|Any CPU
		{EDC1E41E-7F4B-4FDE-8DBC-CAECE16DC391}.Debug|Any CPU.ActiveCfg = Debug|Any CPU
		{EDC1E41E-7F4B-4FDE-8DBC-CAECE16DC391}.Debug|Any CPU.Build.0 = Debug|Any CPU
		{EDC1E41E-7F4B-4FDE-8DBC-CAECE16DC391}.Release|Any CPU.ActiveCfg = Release|Any CPU
		{EDC1E41E-7F4B-4FDE-8DBC-CAECE16DC391}.Release|Any CPU.Build.0 = Release|Any CPU
		{5C9B8675-F58A-4275-BA2E-FCE912A377C0}.Debug|Any CPU.ActiveCfg = Debug|Any CPU
		{5C9B8675-F58A-4275-BA2E-FCE912A377C0}.Debug|Any CPU.Build.0 = Debug|Any CPU
		{5C9B8675-F58A-4275-BA2E-FCE912A377C0}.Release|Any CPU.ActiveCfg = Release|Any CPU
		{5C9B8675-F58A-4275-BA2E-FCE912A377C0}.Release|Any CPU.Build.0 = Release|Any CPU
		{087A1850-D22B-49B7-A329-6BBDECCE9C50}.Debug|Any CPU.ActiveCfg = Debug|Any CPU
		{087A1850-D22B-49B7-A329-6BBDECCE9C50}.Debug|Any CPU.Build.0 = Debug|Any CPU
		{087A1850-D22B-49B7-A329-6BBDECCE9C50}.Release|Any CPU.ActiveCfg = Release|Any CPU
		{087A1850-D22B-49B7-A329-6BBDECCE9C50}.Release|Any CPU.Build.0 = Release|Any CPU
	EndGlobalSection
	GlobalSection(SolutionProperties) = preSolution
		HideSolutionNode = FALSE
	EndGlobalSection
	GlobalSection(NestedProjects) = preSolution
		{6EB5F558-7678-42A3-8B09-AD0A8CDEB7C9} = {91CF7922-6608-4782-BB65-AA9BA1ECBFDD}
		{354B47EB-B871-449B-A5FA-A7A469D98427} = {6EB5F558-7678-42A3-8B09-AD0A8CDEB7C9}
		{B8C42D11-371D-448D-B1DE-F96CF40BCE8A} = {354B47EB-B871-449B-A5FA-A7A469D98427}
		{26CEB0F9-8877-43E5-9A14-ECFD833831D5} = {91CF7922-6608-4782-BB65-AA9BA1ECBFDD}
		{0766B5FF-5CD5-410F-BA51-7A461E67373F} = {26CEB0F9-8877-43E5-9A14-ECFD833831D5}
		{5ACBF70A-6400-49F9-BB80-D6022A703820} = {6EB5F558-7678-42A3-8B09-AD0A8CDEB7C9}
		{76EE1FC9-1C2B-4ED6-9424-587537813FE7} = {5ACBF70A-6400-49F9-BB80-D6022A703820}
		{30C40994-AA11-4EAA-B074-9296C7EF83BF} = {26CEB0F9-8877-43E5-9A14-ECFD833831D5}
		{5157C409-B9B1-43F9-ABD6-839770BB1EF7} = {6EB5F558-7678-42A3-8B09-AD0A8CDEB7C9}
		{794242F4-E7AD-4A29-BCBC-D1A5276EBB31} = {5157C409-B9B1-43F9-ABD6-839770BB1EF7}
		{57940DF3-D8ED-4330-A816-FB831891167B} = {91CF7922-6608-4782-BB65-AA9BA1ECBFDD}
		{EDC1E41E-7F4B-4FDE-8DBC-CAECE16DC391} = {57940DF3-D8ED-4330-A816-FB831891167B}
		{7CA0C5E4-9F1B-48E4-BCA2-3ED99099885B} = {91CF7922-6608-4782-BB65-AA9BA1ECBFDD}
		{5C9B8675-F58A-4275-BA2E-FCE912A377C0} = {7CA0C5E4-9F1B-48E4-BCA2-3ED99099885B}
	EndGlobalSection
	GlobalSection(ExtensibilityGlobals) = postSolution
		SolutionGuid = {892DF0EF-19DC-4561-B8B8-02BCA065D610}
	EndGlobalSection
EndGlobal
